
Microsoft Visual Studio Solution File, Format Version 12.00
# Visual Studio Version 17
VisualStudioVersion = 17.5.33516.290
MinimumVisualStudioVersion = 10.0.40219.1
Project("{8BC9CEB8-8B4A-11D0-8D11-00A0C91BC942}") = "lab16", "lab16\lab16.vcxproj", "{533EB0A9-EE2B-468B-9D42-C9B36BC24AFF}"
EndProject
Global
	GlobalSection(SolutionConfigurationPlatforms) = preSolution
		Debug|x64 = Debug|x64
		Debug|x86 = Debug|x86
		Release|x64 = Release|x64
		Release|x86 = Release|x86
	EndGlobalSection
	GlobalSection(ProjectConfigurationPlatforms) = postSolution
		{533EB0A9-EE2B-468B-9D42-C9B36BC24AFF}.Debug|x64.ActiveCfg = Debug|x64
		{533EB0A9-EE2B-468B-9D42-C9B36BC24AFF}.Debug|x64.Build.0 = Debug|x64
		{533EB0A9-EE2B-468B-9D42-C9B36BC24AFF}.Debug|x86.ActiveCfg = Debug|Win32
		{533EB0A9-EE2B-468B-9D42-C9B36BC24AFF}.Debug|x86.Build.0 = Debug|Win32
		{533EB0A9-EE2B-468B-9D42-C9B36BC24AFF}.Release|x64.ActiveCfg = Release|x64
		{533EB0A9-EE2B-468B-9D42-C9B36BC24AFF}.Release|x64.Build.0 = Release|x64
		{533EB0A9-EE2B-468B-9D42-C9B36BC24AFF}.Release|x86.ActiveCfg = Release|Win32
		{533EB0A9-EE2B-468B-9D42-C9B36BC24AFF}.Release|x86.Build.0 = Release|Win32
	EndGlobalSection
	GlobalSection(SolutionProperties) = preSolution
		HideSolutionNode = FALSE
	EndGlobalSection
	GlobalSection(ExtensibilityGlobals) = postSolution
		SolutionGuid = {116118CA-C94C-4492-B411-820AC64984A7}
	EndGlobalSection
EndGlobal
